{
  "name": "soahc-nikcuf-unity",
  "version": "1.0.0",
  "lockfileVersion": 3,
  "requires": true,
  "packages": {
    "": {
      "name": "soahc-nikcuf-unity",
      "version": "1.0.0",
      "license": "ISC",
      "dependencies": {
        "clickup-cli": "^1.0.19"
      }
    },
    "node_modules/axios": {
      "version": "0.26.1",
      "resolved": "https://registry.npmjs.org/axios/-/axios-0.26.1.tgz",
      "integrity": "sha512-fPwcX4EvnSHuInCMItEhAGnaSEXRBjtzh9fOtsE6E1G6p7vl7edEeZe11QHf18+6+9gR5PbKV/sGKNaD8YaMeA==",
      "license": "MIT",
      "dependencies": {
        "follow-redirects": "^1.14.8"
      }
    },
    "node_modules/clickup-cli": {
      "version": "1.0.19",
      "resolved": "https://registry.npmjs.org/clickup-cli/-/clickup-cli-1.0.19.tgz",
      "integrity": "sha512-88ej6Zegot5YvvKaIKRAfaQuoUCyt5HhFWTUu0HDlYN3cYvyscSWCb9L+8BHXq91/ymzbhaEXts6anwdkZVzAQ==",
      "license": "ISC",
      "dependencies": {
        "axios": "^0.26.0",
        "clickup-cli": "^1.0.17",
        "commander": "^9.0.0"
      },
      "bin": {
        "clickup": "index.js",
        "cu": "index.js",
        "cu-cli": "index.js"
      }
    },
    "node_modules/commander": {
      "version": "9.5.0",
      "resolved": "https://registry.npmjs.org/commander/-/commander-9.5.0.tgz",
      "integrity": "sha512-KRs7WVDKg86PWiuAqhDrAQnTXZKraVcCc6vFdL14qrZ/DcWwuRo7VoiYXalXO7S5GKpqYiVEwCbgFDfxNHKJBQ==",
      "license": "MIT",
      "engines": {
        "node": "^12.20.0 || >=14"
      }
    },
    "node_modules/follow-redirects": {
      "version": "1.15.9",
      "resolved": "https://registry.npmjs.org/follow-redirects/-/follow-redirects-1.15.9.tgz",
      "integrity": "sha512-gew4GsXizNgdoRyqmyfMHyAmXsZDk6mHkSxZFCzW9gwlbtOW44CDtYavM+y+72qD/Vq2l550kMF52DT8fOLJqQ==",
      "funding": [
        {
          "type": "individual",
          "url": "https://github.com/sponsors/RubenVerborgh"
        }
      ],
      "license": "MIT",
      "engines": {
        "node": ">=4.0"
      },
      "peerDependenciesMeta": {
        "debug": {
          "optional": true
        }
      }
    }
  }
}
